// !$*UTF8*$!
{
	archiveVersion = 1;
	classes = {
	};
	objectVersion = 50;
	objects = {

/* Begin PBXBuildFile section */
		ADFA8C6721BB57E600171CC3 /* AppDelegate.swift in Sources */ = {isa = PBXBuildFile; fileRef = ADFA8C6621BB57E600171CC3 /* AppDelegate.swift */; };
		ADFA8C6921BB57E600171CC3 /* QuestionViewController.swift in Sources */ = {isa = PBXBuildFile; fileRef = ADFA8C6821BB57E600171CC3 /* QuestionViewController.swift */; };
		ADFA8C6C21BB57E600171CC3 /* Main.storyboard in Resources */ = {isa = PBXBuildFile; fileRef = ADFA8C6A21BB57E600171CC3 /* Main.storyboard */; };
		ADFA8C7F21BB5E1300171CC3 /* Question.swift in Sources */ = {isa = PBXBuildFile; fileRef = ADFA8C7E21BB5E1300171CC3 /* Question.swift */; };
		ADFA8C8121BB5E5700171CC3 /* QuestionGroup.swift in Sources */ = {isa = PBXBuildFile; fileRef = ADFA8C8021BB5E5700171CC3 /* QuestionGroup.swift */; };
		ADFA8C8321BB5EB800171CC3 /* QuestionGroupData.swift in Sources */ = {isa = PBXBuildFile; fileRef = ADFA8C8221BB5EB800171CC3 /* QuestionGroupData.swift */; };
		ADFA8C8521BB5F1000171CC3 /* Assets.xcassets in Resources */ = {isa = PBXBuildFile; fileRef = ADFA8C8421BB5F1000171CC3 /* Assets.xcassets */; };
		ADFA8C8721BB604900171CC3 /* LaunchScreen.storyboard in Resources */ = {isa = PBXBuildFile; fileRef = ADFA8C8621BB604900171CC3 /* LaunchScreen.storyboard */; };
		ADFA8C8921BB67ED00171CC3 /* QuestionView.swift in Sources */ = {isa = PBXBuildFile; fileRef = ADFA8C8821BB67ED00171CC3 /* QuestionView.swift */; };
/* End PBXBuildFile section */

/* Begin PBXFileReference section */
		ADFA8C6321BB57E600171CC3 /* Rabble Wabble MVC.app */ = {isa = PBXFileReference; explicitFileType = wrapper.application; includeInIndex = 0; path = "Rabble Wabble MVC.app"; sourceTree = BUILT_PRODUCTS_DIR; };
		ADFA8C6621BB57E600171CC3 /* AppDelegate.swift */ = {isa = PBXFileReference; lastKnownFileType = sourcecode.swift; path = AppDelegate.swift; sourceTree = "<group>"; };
		ADFA8C6821BB57E600171CC3 /* QuestionViewController.swift */ = {isa = PBXFileReference; lastKnownFileType = sourcecode.swift; path = QuestionViewController.swift; sourceTree = "<group>"; };
		ADFA8C6B21BB57E600171CC3 /* Base */ = {isa = PBXFileReference; lastKnownFileType = file.storyboard; name = Base; path = Base.lproj/Main.storyboard; sourceTree = "<group>"; };
		ADFA8C7221BB57E600171CC3 /* Info.plist */ = {isa = PBXFileReference; lastKnownFileType = text.plist.xml; path = Info.plist; sourceTree = "<group>"; };
		ADFA8C7E21BB5E1300171CC3 /* Question.swift */ = {isa = PBXFileReference; lastKnownFileType = sourcecode.swift; path = Question.swift; sourceTree = "<group>"; };
		ADFA8C8021BB5E5700171CC3 /* QuestionGroup.swift */ = {isa = PBXFileReference; lastKnownFileType = sourcecode.swift; path = QuestionGroup.swift; sourceTree = "<group>"; };
		ADFA8C8221BB5EB800171CC3 /* QuestionGroupData.swift */ = {isa = PBXFileReference; fileEncoding = 4; lastKnownFileType = sourcecode.swift; path = QuestionGroupData.swift; sourceTree = "<group>"; };
		ADFA8C8421BB5F1000171CC3 /* Assets.xcassets */ = {isa = PBXFileReference; lastKnownFileType = folder.assetcatalog; path = Assets.xcassets; sourceTree = "<group>"; };
		ADFA8C8621BB604900171CC3 /* LaunchScreen.storyboard */ = {isa = PBXFileReference; fileEncoding = 4; lastKnownFileType = file.storyboard; path = LaunchScreen.storyboard; sourceTree = "<group>"; };
		ADFA8C8821BB67ED00171CC3 /* QuestionView.swift */ = {isa = PBXFileReference; lastKnownFileType = sourcecode.swift; path = QuestionView.swift; sourceTree = "<group>"; };
/* End PBXFileReference section */

/* Begin PBXFrameworksBuildPhase section */
		ADFA8C6021BB57E600171CC3 /* Frameworks */ = {
			isa = PBXFrameworksBuildPhase;
			buildActionMask = 2147483647;
			files = (
			);
			runOnlyForDeploymentPostprocessing = 0;
		};
/* End PBXFrameworksBuildPhase section */

/* Begin PBXGroup section */
		ADFA8C5A21BB57E600171CC3 = {
			isa = PBXGroup;
			children = (
				ADFA8C6521BB57E600171CC3 /* Rabble Wabble MVC */,
				ADFA8C6421BB57E600171CC3 /* Products */,
			);
			sourceTree = "<group>";
		};
		ADFA8C6421BB57E600171CC3 /* Products */ = {
			isa = PBXGroup;
			children = (
				ADFA8C6321BB57E600171CC3 /* Rabble Wabble MVC.app */,
			);
			name = Products;
			sourceTree = "<group>";
		};
		ADFA8C6521BB57E600171CC3 /* Rabble Wabble MVC */ = {
			isa = PBXGroup;
			children = (
				ADFA8C7D21BB58EC00171CC3 /* Resources */,
				ADFA8C7C21BB58D200171CC3 /* Controller */,
				ADFA8C7B21BB58D000171CC3 /* View */,
				ADFA8C7921BB58C300171CC3 /* Model */,
				ADFA8C7821BB588900171CC3 /* AppDelegate */,
			);
			path = "Rabble Wabble MVC";
			sourceTree = "<group>";
		};
		ADFA8C7821BB588900171CC3 /* AppDelegate */ = {
			isa = PBXGroup;
			children = (
				ADFA8C6621BB57E600171CC3 /* AppDelegate.swift */,
			);
			path = AppDelegate;
			sourceTree = "<group>";
		};
		ADFA8C7921BB58C300171CC3 /* Model */ = {
			isa = PBXGroup;
			children = (
				ADFA8C7E21BB5E1300171CC3 /* Question.swift */,
				ADFA8C8021BB5E5700171CC3 /* QuestionGroup.swift */,
				ADFA8C8221BB5EB800171CC3 /* QuestionGroupData.swift */,
			);
			path = Model;
			sourceTree = "<group>";
		};
		ADFA8C7B21BB58D000171CC3 /* View */ = {
			isa = PBXGroup;
			children = (
				ADFA8C6A21BB57E600171CC3 /* Main.storyboard */,
				ADFA8C8621BB604900171CC3 /* LaunchScreen.storyboard */,
				ADFA8C8821BB67ED00171CC3 /* QuestionView.swift */,
			);
			path = View;
			sourceTree = "<group>";
		};
		ADFA8C7C21BB58D200171CC3 /* Controller */ = {
			isa = PBXGroup;
			children = (
				ADFA8C6821BB57E600171CC3 /* QuestionViewController.swift */,
			);
			path = Controller;
			sourceTree = "<group>";
		};
		ADFA8C7D21BB58EC00171CC3 /* Resources */ = {
			isa = PBXGroup;
			children = (
				ADFA8C8421BB5F1000171CC3 /* Assets.xcassets */,
				ADFA8C7221BB57E600171CC3 /* Info.plist */,
			);
			path = Resources;
			sourceTree = "<group>";
		};
/* End PBXGroup section */

/* Begin PBXNativeTarget section */
		ADFA8C6221BB57E600171CC3 /* Rabble Wabble MVC */ = {
			isa = PBXNativeTarget;
			buildConfigurationList = ADFA8C7521BB57E600171CC3 /* Build configuration list for PBXNativeTarget "Rabble Wabble MVC" */;
			buildPhases = (
				ADFA8C5F21BB57E600171CC3 /* Sources */,
				ADFA8C6021BB57E600171CC3 /* Frameworks */,
				ADFA8C6121BB57E600171CC3 /* Resources */,
			);
			buildRules = (
			);
			dependencies = (
			);
			name = "Rabble Wabble MVC";
			productName = "Rabble Wabble MVC";
			productReference = ADFA8C6321BB57E600171CC3 /* Rabble Wabble MVC.app */;
			productType = "com.apple.product-type.application";
		};
/* End PBXNativeTarget section */

/* Begin PBXProject section */
		ADFA8C5B21BB57E600171CC3 /* Project object */ = {
			isa = PBXProject;
			attributes = {
				LastSwiftUpdateCheck = 1010;
				LastUpgradeCheck = 1010;
				ORGANIZATIONNAME = "Ahmed Sengab";
				TargetAttributes = {
					ADFA8C6221BB57E600171CC3 = {
						CreatedOnToolsVersion = 10.1;
					};
				};
			};
			buildConfigurationList = ADFA8C5E21BB57E600171CC3 /* Build configuration list for PBXProject "Rabble Wabble MVC" */;
			compatibilityVersion = "Xcode 9.3";
			developmentRegion = en;
			hasScannedForEncodings = 0;
			knownRegions = (
				en,
				Base,
			);
			mainGroup = ADFA8C5A21BB57E600171CC3;
			productRefGroup = ADFA8C6421BB57E600171CC3 /* Products */;
			projectDirPath = "";
			projectRoot = "";
			targets = (
				ADFA8C6221BB57E600171CC3 /* Rabble Wabble MVC */,
			);
		};
/* End PBXProject section */

/* Begin PBXResourcesBuildPhase section */
		ADFA8C6121BB57E600171CC3 /* Resources */ = {
			isa = PBXResourcesBuildPhase;
			buildActionMask = 2147483647;
			files = (
				ADFA8C8721BB604900171CC3 /* LaunchScreen.storyboard in Resources */,
				ADFA8C8521BB5F1000171CC3 /* Assets.xcassets in Resources */,
				ADFA8C6C21BB57E600171CC3 /* Main.storyboard in Resources */,
			);
			runOnlyForDeploymentPostprocessing = 0;
		};
/* End PBXResourcesBuildPhase section */

/* Begin PBXSourcesBuildPhase section */
		ADFA8C5F21BB57E600171CC3 /* Sources */ = {
			isa = PBXSourcesBuildPhase;
			buildActionMask = 2147483647;
			files = (
				ADFA8C7F21BB5E1300171CC3 /* Question.swift in Sources */,
				ADFA8C6921BB57E600171CC3 /* QuestionViewController.swift in Sources */,
				ADFA8C6721BB57E600171CC3 /* AppDelegate.swift in Sources */,
				ADFA8C8121BB5E5700171CC3 /* QuestionGroup.swift in Sources */,
				ADFA8C8921BB67ED00171CC3 /* QuestionView.swift in Sources */,
				ADFA8C8321BB5EB800171CC3 /* QuestionGroupData.swift in Sources */,
			);
			runOnlyForDeploymentPostprocessing = 0;
		};
/* End PBXSourcesBuildPhase section */

/* Begin PBXVariantGroup section */
		ADFA8C6A21BB57E600171CC3 /* Main.storyboard */ = {
			isa = PBXVariantGroup;
			children = (
				ADFA8C6B21BB57E600171CC3 /* Base */,
			);
			name = Main.storyboard;
			sourceTree = "<group>";
		};
/* End PBXVariantGroup section */

/* Begin XCBuildConfiguration section */
		ADFA8C7321BB57E600171CC3 /* Debug */ = {
			isa = XCBuildConfiguration;
			buildSettings = {
				ALWAYS_SEARCH_USER_PATHS = NO;
				CLANG_ANALYZER_NONNULL = YES;
				CLANG_ANALYZER_NUMBER_OBJECT_CONVERSION = YES_AGGRESSIVE;
				CLANG_CXX_LANGUAGE_STANDARD = "gnu++14";
				CLANG_CXX_LIBRARY = "libc++";
				CLANG_ENABLE_MODULES = YES;
				CLANG_ENABLE_OBJC_ARC = YES;
				CLANG_ENABLE_OBJC_WEAK = YES;
				CLANG_WARN_BLOCK_CAPTURE_AUTORELEASING = YES;
				CLANG_WARN_BOOL_CONVERSION = YES;
				CLANG_WARN_COMMA = YES;
				CLANG_WARN_CONSTANT_CONVERSION = YES;
				CLANG_WARN_DEPRECATED_OBJC_IMPLEMENTATIONS = YES;
				CLANG_WARN_DIRECT_OBJC_ISA_USAGE = YES_ERROR;
				CLANG_WARN_DOCUMENTATION_COMMENTS = YES;
				CLANG_WARN_EMPTY_BODY = YES;
				CLANG_WARN_ENUM_CONVERSION = YES;
				CLANG_WARN_INFINITE_RECURSION = YES;
				CLANG_WARN_INT_CONVERSION = YES;
				CLANG_WARN_NON_LITERAL_NULL_CONVERSION = YES;
				CLANG_WARN_OBJC_IMPLICIT_RETAIN_SELF = YES;
				CLANG_WARN_OBJC_LITERAL_CONVERSION = YES;
				CLANG_WARN_OBJC_ROOT_CLASS = YES_ERROR;
				CLANG_WARN_RANGE_LOOP_ANALYSIS = YES;
				CLANG_WARN_STRICT_PROTOTYPES = YES;
				CLANG_WARN_SUSPICIOUS_MOVE = YES;
				CLANG_WARN_UNGUARDED_AVAILABILITY = YES_AGGRESSIVE;
				CLANG_WARN_UNREACHABLE_CODE = YES;
				CLANG_WARN__DUPLICATE_METHOD_MATCH = YES;
				CODE_SIGN_IDENTITY = "iPhone Developer";
				COPY_PHASE_STRIP = NO;
				DEBUG_INFORMATION_FORMAT = dwarf;
				ENABLE_STRICT_OBJC_MSGSEND = YES;
				ENABLE_TESTABILITY = YES;
				GCC_C_LANGUAGE_STANDARD = gnu11;
				GCC_DYNAMIC_NO_PIC = NO;
				GCC_NO_COMMON_BLOCKS = YES;
				GCC_OPTIMIZATION_LEVEL = 0;
				GCC_PREPROCESSOR_DEFINITIONS = (
					"DEBUG=1",
					"$(inherited)",
				);
				GCC_WARN_64_TO_32_BIT_CONVERSION = YES;
				GCC_WARN_ABOUT_RETURN_TYPE = YES_ERROR;
				GCC_WARN_UNDECLARED_SELECTOR = YES;
				GCC_WARN_UNINITIALIZED_AUTOS = YES_AGGRESSIVE;
				GCC_WARN_UNUSED_FUNCTION = YES;
				GCC_WARN_UNUSED_VARIABLE = YES;
				IPHONEOS_DEPLOYMENT_TARGET = 12.1;
				MTL_ENABLE_DEBUG_INFO = INCLUDE_SOURCE;
				MTL_FAST_MATH = YES;
				ONLY_ACTIVE_ARCH = YES;
				SDKROOT = iphoneos;
				SWIFT_ACTIVE_COMPILATION_CONDITIONS = DEBUG;
				SWIFT_OPTIMIZATION_LEVEL = "-Onone";
			};
			name = Debug;
		};
		ADFA8C7421BB57E600171CC3 /* Release */ = {
			isa = XCBuildConfiguration;
			buildSettings = {
				ALWAYS_SEARCH_USER_PATHS = NO;
				CLANG_ANALYZER_NONNULL = YES;
				CLANG_ANALYZER_NUMBER_OBJECT_CONVERSION = YES_AGGRESSIVE;
				CLANG_CXX_LANGUAGE_STANDARD = "gnu++14";
				CLANG_CXX_LIBRARY = "libc++";
				CLANG_ENABLE_MODULES = YES;
				CLANG_ENABLE_OBJC_ARC = YES;
				CLANG_ENABLE_OBJC_WEAK = YES;
				CLANG_WARN_BLOCK_CAPTURE_AUTORELEASING = YES;
				CLANG_WARN_BOOL_CONVERSION = YES;
				CLANG_WARN_COMMA = YES;
				CLANG_WARN_CONSTANT_CONVERSION = YES;
				CLANG_WARN_DEPRECATED_OBJC_IMPLEMENTATIONS = YES;
				CLANG_WARN_DIRECT_OBJC_ISA_USAGE = YES_ERROR;
				CLANG_WARN_DOCUMENTATION_COMMENTS = YES;
				CLANG_WARN_EMPTY_BODY = YES;
				CLANG_WARN_ENUM_CONVERSION = YES;
				CLANG_WARN_INFINITE_RECURSION = YES;
				CLANG_WARN_INT_CONVERSION = YES;
				CLANG_WARN_NON_LITERAL_NULL_CONVERSION = YES;
				CLANG_WARN_OBJC_IMPLICIT_RETAIN_SELF = YES;
				CLANG_WARN_OBJC_LITERAL_CONVERSION = YES;
				CLANG_WARN_OBJC_ROOT_CLASS = YES_ERROR;
				CLANG_WARN_RANGE_LOOP_ANALYSIS = YES;
				CLANG_WARN_STRICT_PROTOTYPES = YES;
				CLANG_WARN_SUSPICIOUS_MOVE = YES;
				CLANG_WARN_UNGUARDED_AVAILABILITY = YES_AGGRESSIVE;
				CLANG_WARN_UNREACHABLE_CODE = YES;
				CLANG_WARN__DUPLICATE_METHOD_MATCH = YES;
				CODE_SIGN_IDENTITY = "iPhone Developer";
				COPY_PHASE_STRIP = NO;
				DEBUG_INFORMATION_FORMAT = "dwarf-with-dsym";
				ENABLE_NS_ASSERTIONS = NO;
				ENABLE_STRICT_OBJC_MSGSEND = YES;
				GCC_C_LANGUAGE_STANDARD = gnu11;
				GCC_NO_COMMON_BLOCKS = YES;
				GCC_WARN_64_TO_32_BIT_CONVERSION = YES;
				GCC_WARN_ABOUT_RETURN_TYPE = YES_ERROR;
				GCC_WARN_UNDECLARED_SELECTOR = YES;
				GCC_WARN_UNINITIALIZED_AUTOS = YES_AGGRESSIVE;
				GCC_WARN_UNUSED_FUNCTION = YES;
				GCC_WARN_UNUSED_VARIABLE = YES;
				IPHONEOS_DEPLOYMENT_TARGET = 12.1;
				MTL_ENABLE_DEBUG_INFO = NO;
				MTL_FAST_MATH = YES;
				SDKROOT = iphoneos;
				SWIFT_COMPILATION_MODE = wholemodule;
				SWIFT_OPTIMIZATION_LEVEL = "-O";
				VALIDATE_PRODUCT = YES;
			};
			name = Release;
		};
		ADFA8C7621BB57E600171CC3 /* Debug */ = {
			isa = XCBuildConfiguration;
			buildSettings = {
				ASSETCATALOG_COMPILER_APPICON_NAME = AppIcon;
				CODE_SIGN_STYLE = Automatic;
				DEVELOPMENT_TEAM = 97HBSL4N46;
				INFOPLIST_FILE = "$(SRCROOT)/Rabble Wabble MVC/Resources/Info.plist";
				LD_RUNPATH_SEARCH_PATHS = (
					"$(inherited)",
					"@executable_path/Frameworks",
				);
				PRODUCT_BUNDLE_IDENTIFIER = "new.Rabble-Wabble-MVC";
				PRODUCT_NAME = "$(TARGET_NAME)";
				SWIFT_VERSION = 4.2;
				TARGETED_DEVICE_FAMILY = "1,2";
			};
			name = Debug;
		};
		ADFA8C7721BB57E600171CC3 /* Release */ = {
			isa = XCBuildConfiguration;
			buildSettings = {
				ASSETCATALOG_COMPILER_APPICON_NAME = AppIcon;
				CODE_SIGN_STYLE = Automatic;
				DEVELOPMENT_TEAM = 97HBSL4N46;
				INFOPLIST_FILE = "$(SRCROOT)/Rabble Wabble MVC/Resources/Info.plist";
				LD_RUNPATH_SEARCH_PATHS = (
					"$(inherited)",
					"@executable_path/Frameworks",
				);
				PRODUCT_BUNDLE_IDENTIFIER = "new.Rabble-Wabble-MVC";
				PRODUCT_NAME = "$(TARGET_NAME)";
				SWIFT_VERSION = 4.2;
				TARGETED_DEVICE_FAMILY = "1,2";
			};
			name = Release;
		};
/* End XCBuildConfiguration section */

/* Begin XCConfigurationList section */
		ADFA8C5E21BB57E600171CC3 /* Build configuration list for PBXProject "Rabble Wabble MVC" */ = {
			isa = XCConfigurationList;
			buildConfigurations = (
				ADFA8C7321BB57E600171CC3 /* Debug */,
				ADFA8C7421BB57E600171CC3 /* Release */,
			);
			defaultConfigurationIsVisible = 0;
			defaultConfigurationName = Release;
		};
		ADFA8C7521BB57E600171CC3 /* Build configuration list for PBXNativeTarget "Rabble Wabble MVC" */ = {
			isa = XCConfigurationList;
			buildConfigurations = (
				ADFA8C7621BB57E600171CC3 /* Debug */,
				ADFA8C7721BB57E600171CC3 /* Release */,
			);
			defaultConfigurationIsVisible = 0;
			defaultConfigurationName = Release;
		};
/* End XCConfigurationList section */
	};
	rootObject = ADFA8C5B21BB57E600171CC3 /* Project object */;
}
