// !$*UTF8*$!
{
	archiveVersion = 1;
	classes = {
	};
	objectVersion = 50;
	objects = {

/* Begin PBXBuildFile section */
		AD761F0A21BF6F9C00AE2FF5 /* AppDelegate.swift in Sources */ = {isa = PBXBuildFile; fileRef = AD761F0921BF6F9C00AE2FF5 /* AppDelegate.swift */; };
		AD761F0C21BF6F9C00AE2FF5 /* ViewController.swift in Sources */ = {isa = PBXBuildFile; fileRef = AD761F0B21BF6F9C00AE2FF5 /* ViewController.swift */; };
		AD761F0F21BF6F9C00AE2FF5 /* Main.storyboard in Resources */ = {isa = PBXBuildFile; fileRef = AD761F0D21BF6F9C00AE2FF5 /* Main.storyboard */; };
		AD761F1121BF6F9D00AE2FF5 /* Assets.xcassets in Resources */ = {isa = PBXBuildFile; fileRef = AD761F1021BF6F9D00AE2FF5 /* Assets.xcassets */; };
		AD761F1421BF6F9D00AE2FF5 /* LaunchScreen.storyboard in Resources */ = {isa = PBXBuildFile; fileRef = AD761F1221BF6F9D00AE2FF5 /* LaunchScreen.storyboard */; };
		AD761F2021BF736A00AE2FF5 /* ToDoViewModel.swift in Sources */ = {isa = PBXBuildFile; fileRef = AD761F1F21BF736A00AE2FF5 /* ToDoViewModel.swift */; };
		AD761F2521BF76B700AE2FF5 /* ToDoItemTableViewCell.swift in Sources */ = {isa = PBXBuildFile; fileRef = AD761F2321BF76B700AE2FF5 /* ToDoItemTableViewCell.swift */; };
		AD761F2621BF76B700AE2FF5 /* ToDoItemTableViewCell.xib in Resources */ = {isa = PBXBuildFile; fileRef = AD761F2421BF76B700AE2FF5 /* ToDoItemTableViewCell.xib */; };
/* End PBXBuildFile section */

/* Begin PBXFileReference section */
		AD761F0621BF6F9C00AE2FF5 /* MVVM_Tutorial.app */ = {isa = PBXFileReference; explicitFileType = wrapper.application; includeInIndex = 0; path = MVVM_Tutorial.app; sourceTree = BUILT_PRODUCTS_DIR; };
		AD761F0921BF6F9C00AE2FF5 /* AppDelegate.swift */ = {isa = PBXFileReference; lastKnownFileType = sourcecode.swift; path = AppDelegate.swift; sourceTree = "<group>"; };
		AD761F0B21BF6F9C00AE2FF5 /* ViewController.swift */ = {isa = PBXFileReference; lastKnownFileType = sourcecode.swift; path = ViewController.swift; sourceTree = "<group>"; };
		AD761F0E21BF6F9C00AE2FF5 /* Base */ = {isa = PBXFileReference; lastKnownFileType = file.storyboard; name = Base; path = Base.lproj/Main.storyboard; sourceTree = "<group>"; };
		AD761F1021BF6F9D00AE2FF5 /* Assets.xcassets */ = {isa = PBXFileReference; lastKnownFileType = folder.assetcatalog; path = Assets.xcassets; sourceTree = "<group>"; };
		AD761F1321BF6F9D00AE2FF5 /* Base */ = {isa = PBXFileReference; lastKnownFileType = file.storyboard; name = Base; path = Base.lproj/LaunchScreen.storyboard; sourceTree = "<group>"; };
		AD761F1521BF6F9D00AE2FF5 /* Info.plist */ = {isa = PBXFileReference; lastKnownFileType = text.plist.xml; path = Info.plist; sourceTree = "<group>"; };
		AD761F1F21BF736A00AE2FF5 /* ToDoViewModel.swift */ = {isa = PBXFileReference; lastKnownFileType = sourcecode.swift; path = ToDoViewModel.swift; sourceTree = "<group>"; };
		AD761F2321BF76B700AE2FF5 /* ToDoItemTableViewCell.swift */ = {isa = PBXFileReference; lastKnownFileType = sourcecode.swift; path = ToDoItemTableViewCell.swift; sourceTree = "<group>"; };
		AD761F2421BF76B700AE2FF5 /* ToDoItemTableViewCell.xib */ = {isa = PBXFileReference; lastKnownFileType = file.xib; path = ToDoItemTableViewCell.xib; sourceTree = "<group>"; };
/* End PBXFileReference section */

/* Begin PBXFrameworksBuildPhase section */
		AD761F0321BF6F9C00AE2FF5 /* Frameworks */ = {
			isa = PBXFrameworksBuildPhase;
			buildActionMask = 2147483647;
			files = (
			);
			runOnlyForDeploymentPostprocessing = 0;
		};
/* End PBXFrameworksBuildPhase section */

/* Begin PBXGroup section */
		AD761EFD21BF6F9C00AE2FF5 = {
			isa = PBXGroup;
			children = (
				AD761F0821BF6F9C00AE2FF5 /* MVVM_Tutorial */,
				AD761F0721BF6F9C00AE2FF5 /* Products */,
			);
			sourceTree = "<group>";
		};
		AD761F0721BF6F9C00AE2FF5 /* Products */ = {
			isa = PBXGroup;
			children = (
				AD761F0621BF6F9C00AE2FF5 /* MVVM_Tutorial.app */,
			);
			name = Products;
			sourceTree = "<group>";
		};
		AD761F0821BF6F9C00AE2FF5 /* MVVM_Tutorial */ = {
			isa = PBXGroup;
			children = (
				AD761F1E21BF6FC700AE2FF5 /* ViewModels */,
				AD761F1D21BF6FC100AE2FF5 /* Views */,
				AD761F1C21BF6FB700AE2FF5 /* AppDelegate */,
				AD761F1B21BF6FAD00AE2FF5 /* Resources */,
			);
			path = MVVM_Tutorial;
			sourceTree = "<group>";
		};
		AD761F1B21BF6FAD00AE2FF5 /* Resources */ = {
			isa = PBXGroup;
			children = (
				AD761F1521BF6F9D00AE2FF5 /* Info.plist */,
				AD761F1021BF6F9D00AE2FF5 /* Assets.xcassets */,
			);
			path = Resources;
			sourceTree = "<group>";
		};
		AD761F1C21BF6FB700AE2FF5 /* AppDelegate */ = {
			isa = PBXGroup;
			children = (
				AD761F0921BF6F9C00AE2FF5 /* AppDelegate.swift */,
			);
			path = AppDelegate;
			sourceTree = "<group>";
		};
		AD761F1D21BF6FC100AE2FF5 /* Views */ = {
			isa = PBXGroup;
			children = (
				AD761F0B21BF6F9C00AE2FF5 /* ViewController.swift */,
				AD761F2321BF76B700AE2FF5 /* ToDoItemTableViewCell.swift */,
				AD761F2421BF76B700AE2FF5 /* ToDoItemTableViewCell.xib */,
				AD761F0D21BF6F9C00AE2FF5 /* Main.storyboard */,
				AD761F1221BF6F9D00AE2FF5 /* LaunchScreen.storyboard */,
			);
			path = Views;
			sourceTree = "<group>";
		};
		AD761F1E21BF6FC700AE2FF5 /* ViewModels */ = {
			isa = PBXGroup;
			children = (
				AD761F1F21BF736A00AE2FF5 /* ToDoViewModel.swift */,
			);
			path = ViewModels;
			sourceTree = "<group>";
		};
/* End PBXGroup section */

/* Begin PBXNativeTarget section */
		AD761F0521BF6F9C00AE2FF5 /* MVVM_Tutorial */ = {
			isa = PBXNativeTarget;
			buildConfigurationList = AD761F1821BF6F9D00AE2FF5 /* Build configuration list for PBXNativeTarget "MVVM_Tutorial" */;
			buildPhases = (
				AD761F0221BF6F9C00AE2FF5 /* Sources */,
				AD761F0321BF6F9C00AE2FF5 /* Frameworks */,
				AD761F0421BF6F9C00AE2FF5 /* Resources */,
			);
			buildRules = (
			);
			dependencies = (
			);
			name = MVVM_Tutorial;
			productName = MVVM_Tutorial;
			productReference = AD761F0621BF6F9C00AE2FF5 /* MVVM_Tutorial.app */;
			productType = "com.apple.product-type.application";
		};
/* End PBXNativeTarget section */

/* Begin PBXProject section */
		AD761EFE21BF6F9C00AE2FF5 /* Project object */ = {
			isa = PBXProject;
			attributes = {
				LastSwiftUpdateCheck = 1010;
				LastUpgradeCheck = 1010;
				ORGANIZATIONNAME = "Ahmed Sengab";
				TargetAttributes = {
					AD761F0521BF6F9C00AE2FF5 = {
						CreatedOnToolsVersion = 10.1;
					};
				};
			};
			buildConfigurationList = AD761F0121BF6F9C00AE2FF5 /* Build configuration list for PBXProject "MVVM_Tutorial" */;
			compatibilityVersion = "Xcode 9.3";
			developmentRegion = en;
			hasScannedForEncodings = 0;
			knownRegions = (
				en,
				Base,
			);
			mainGroup = AD761EFD21BF6F9C00AE2FF5;
			productRefGroup = AD761F0721BF6F9C00AE2FF5 /* Products */;
			projectDirPath = "";
			projectRoot = "";
			targets = (
				AD761F0521BF6F9C00AE2FF5 /* MVVM_Tutorial */,
			);
		};
/* End PBXProject section */

/* Begin PBXResourcesBuildPhase section */
		AD761F0421BF6F9C00AE2FF5 /* Resources */ = {
			isa = PBXResourcesBuildPhase;
			buildActionMask = 2147483647;
			files = (
				AD761F1421BF6F9D00AE2FF5 /* LaunchScreen.storyboard in Resources */,
				AD761F1121BF6F9D00AE2FF5 /* Assets.xcassets in Resources */,
				AD761F2621BF76B700AE2FF5 /* ToDoItemTableViewCell.xib in Resources */,
				AD761F0F21BF6F9C00AE2FF5 /* Main.storyboard in Resources */,
			);
			runOnlyForDeploymentPostprocessing = 0;
		};
/* End PBXResourcesBuildPhase section */

/* Begin PBXSourcesBuildPhase section */
		AD761F0221BF6F9C00AE2FF5 /* Sources */ = {
			isa = PBXSourcesBuildPhase;
			buildActionMask = 2147483647;
			files = (
				AD761F0C21BF6F9C00AE2FF5 /* ViewController.swift in Sources */,
				AD761F2021BF736A00AE2FF5 /* ToDoViewModel.swift in Sources */,
				AD761F2521BF76B700AE2FF5 /* ToDoItemTableViewCell.swift in Sources */,
				AD761F0A21BF6F9C00AE2FF5 /* AppDelegate.swift in Sources */,
			);
			runOnlyForDeploymentPostprocessing = 0;
		};
/* End PBXSourcesBuildPhase section */

/* Begin PBXVariantGroup section */
		AD761F0D21BF6F9C00AE2FF5 /* Main.storyboard */ = {
			isa = PBXVariantGroup;
			children = (
				AD761F0E21BF6F9C00AE2FF5 /* Base */,
			);
			name = Main.storyboard;
			sourceTree = "<group>";
		};
		AD761F1221BF6F9D00AE2FF5 /* LaunchScreen.storyboard */ = {
			isa = PBXVariantGroup;
			children = (
				AD761F1321BF6F9D00AE2FF5 /* Base */,
			);
			name = LaunchScreen.storyboard;
			sourceTree = "<group>";
		};
/* End PBXVariantGroup section */

/* Begin XCBuildConfiguration section */
		AD761F1621BF6F9D00AE2FF5 /* Debug */ = {
			isa = XCBuildConfiguration;
			buildSettings = {
				ALWAYS_SEARCH_USER_PATHS = NO;
				CLANG_ANALYZER_NONNULL = YES;
				CLANG_ANALYZER_NUMBER_OBJECT_CONVERSION = YES_AGGRESSIVE;
				CLANG_CXX_LANGUAGE_STANDARD = "gnu++14";
				CLANG_CXX_LIBRARY = "libc++";
				CLANG_ENABLE_MODULES = YES;
				CLANG_ENABLE_OBJC_ARC = YES;
				CLANG_ENABLE_OBJC_WEAK = YES;
				CLANG_WARN_BLOCK_CAPTURE_AUTORELEASING = YES;
				CLANG_WARN_BOOL_CONVERSION = YES;
				CLANG_WARN_COMMA = YES;
				CLANG_WARN_CONSTANT_CONVERSION = YES;
				CLANG_WARN_DEPRECATED_OBJC_IMPLEMENTATIONS = YES;
				CLANG_WARN_DIRECT_OBJC_ISA_USAGE = YES_ERROR;
				CLANG_WARN_DOCUMENTATION_COMMENTS = YES;
				CLANG_WARN_EMPTY_BODY = YES;
				CLANG_WARN_ENUM_CONVERSION = YES;
				CLANG_WARN_INFINITE_RECURSION = YES;
				CLANG_WARN_INT_CONVERSION = YES;
				CLANG_WARN_NON_LITERAL_NULL_CONVERSION = YES;
				CLANG_WARN_OBJC_IMPLICIT_RETAIN_SELF = YES;
				CLANG_WARN_OBJC_LITERAL_CONVERSION = YES;
				CLANG_WARN_OBJC_ROOT_CLASS = YES_ERROR;
				CLANG_WARN_RANGE_LOOP_ANALYSIS = YES;
				CLANG_WARN_STRICT_PROTOTYPES = YES;
				CLANG_WARN_SUSPICIOUS_MOVE = YES;
				CLANG_WARN_UNGUARDED_AVAILABILITY = YES_AGGRESSIVE;
				CLANG_WARN_UNREACHABLE_CODE = YES;
				CLANG_WARN__DUPLICATE_METHOD_MATCH = YES;
				CODE_SIGN_IDENTITY = "iPhone Developer";
				COPY_PHASE_STRIP = NO;
				DEBUG_INFORMATION_FORMAT = dwarf;
				ENABLE_STRICT_OBJC_MSGSEND = YES;
				ENABLE_TESTABILITY = YES;
				GCC_C_LANGUAGE_STANDARD = gnu11;
				GCC_DYNAMIC_NO_PIC = NO;
				GCC_NO_COMMON_BLOCKS = YES;
				GCC_OPTIMIZATION_LEVEL = 0;
				GCC_PREPROCESSOR_DEFINITIONS = (
					"DEBUG=1",
					"$(inherited)",
				);
				GCC_WARN_64_TO_32_BIT_CONVERSION = YES;
				GCC_WARN_ABOUT_RETURN_TYPE = YES_ERROR;
				GCC_WARN_UNDECLARED_SELECTOR = YES;
				GCC_WARN_UNINITIALIZED_AUTOS = YES_AGGRESSIVE;
				GCC_WARN_UNUSED_FUNCTION = YES;
				GCC_WARN_UNUSED_VARIABLE = YES;
				IPHONEOS_DEPLOYMENT_TARGET = 12.1;
				MTL_ENABLE_DEBUG_INFO = INCLUDE_SOURCE;
				MTL_FAST_MATH = YES;
				ONLY_ACTIVE_ARCH = YES;
				SDKROOT = iphoneos;
				SWIFT_ACTIVE_COMPILATION_CONDITIONS = DEBUG;
				SWIFT_OPTIMIZATION_LEVEL = "-Onone";
			};
			name = Debug;
		};
		AD761F1721BF6F9D00AE2FF5 /* Release */ = {
			isa = XCBuildConfiguration;
			buildSettings = {
				ALWAYS_SEARCH_USER_PATHS = NO;
				CLANG_ANALYZER_NONNULL = YES;
				CLANG_ANALYZER_NUMBER_OBJECT_CONVERSION = YES_AGGRESSIVE;
				CLANG_CXX_LANGUAGE_STANDARD = "gnu++14";
				CLANG_CXX_LIBRARY = "libc++";
				CLANG_ENABLE_MODULES = YES;
				CLANG_ENABLE_OBJC_ARC = YES;
				CLANG_ENABLE_OBJC_WEAK = YES;
				CLANG_WARN_BLOCK_CAPTURE_AUTORELEASING = YES;
				CLANG_WARN_BOOL_CONVERSION = YES;
				CLANG_WARN_COMMA = YES;
				CLANG_WARN_CONSTANT_CONVERSION = YES;
				CLANG_WARN_DEPRECATED_OBJC_IMPLEMENTATIONS = YES;
				CLANG_WARN_DIRECT_OBJC_ISA_USAGE = YES_ERROR;
				CLANG_WARN_DOCUMENTATION_COMMENTS = YES;
				CLANG_WARN_EMPTY_BODY = YES;
				CLANG_WARN_ENUM_CONVERSION = YES;
				CLANG_WARN_INFINITE_RECURSION = YES;
				CLANG_WARN_INT_CONVERSION = YES;
				CLANG_WARN_NON_LITERAL_NULL_CONVERSION = YES;
				CLANG_WARN_OBJC_IMPLICIT_RETAIN_SELF = YES;
				CLANG_WARN_OBJC_LITERAL_CONVERSION = YES;
				CLANG_WARN_OBJC_ROOT_CLASS = YES_ERROR;
				CLANG_WARN_RANGE_LOOP_ANALYSIS = YES;
				CLANG_WARN_STRICT_PROTOTYPES = YES;
				CLANG_WARN_SUSPICIOUS_MOVE = YES;
				CLANG_WARN_UNGUARDED_AVAILABILITY = YES_AGGRESSIVE;
				CLANG_WARN_UNREACHABLE_CODE = YES;
				CLANG_WARN__DUPLICATE_METHOD_MATCH = YES;
				CODE_SIGN_IDENTITY = "iPhone Developer";
				COPY_PHASE_STRIP = NO;
				DEBUG_INFORMATION_FORMAT = "dwarf-with-dsym";
				ENABLE_NS_ASSERTIONS = NO;
				ENABLE_STRICT_OBJC_MSGSEND = YES;
				GCC_C_LANGUAGE_STANDARD = gnu11;
				GCC_NO_COMMON_BLOCKS = YES;
				GCC_WARN_64_TO_32_BIT_CONVERSION = YES;
				GCC_WARN_ABOUT_RETURN_TYPE = YES_ERROR;
				GCC_WARN_UNDECLARED_SELECTOR = YES;
				GCC_WARN_UNINITIALIZED_AUTOS = YES_AGGRESSIVE;
				GCC_WARN_UNUSED_FUNCTION = YES;
				GCC_WARN_UNUSED_VARIABLE = YES;
				IPHONEOS_DEPLOYMENT_TARGET = 12.1;
				MTL_ENABLE_DEBUG_INFO = NO;
				MTL_FAST_MATH = YES;
				SDKROOT = iphoneos;
				SWIFT_COMPILATION_MODE = wholemodule;
				SWIFT_OPTIMIZATION_LEVEL = "-O";
				VALIDATE_PRODUCT = YES;
			};
			name = Release;
		};
		AD761F1921BF6F9D00AE2FF5 /* Debug */ = {
			isa = XCBuildConfiguration;
			buildSettings = {
				ASSETCATALOG_COMPILER_APPICON_NAME = AppIcon;
				CODE_SIGN_STYLE = Automatic;
				DEVELOPMENT_TEAM = 97HBSL4N46;
				INFOPLIST_FILE = "$(SRCROOT)/MVVM_Tutorial/Resources/Info.plist";
				LD_RUNPATH_SEARCH_PATHS = (
					"$(inherited)",
					"@executable_path/Frameworks",
				);
				PRODUCT_BUNDLE_IDENTIFIER = "new.MVVM-Tutorial";
				PRODUCT_NAME = "$(TARGET_NAME)";
				SWIFT_VERSION = 4.2;
				TARGETED_DEVICE_FAMILY = "1,2";
			};
			name = Debug;
		};
		AD761F1A21BF6F9D00AE2FF5 /* Release */ = {
			isa = XCBuildConfiguration;
			buildSettings = {
				ASSETCATALOG_COMPILER_APPICON_NAME = AppIcon;
				CODE_SIGN_STYLE = Automatic;
				DEVELOPMENT_TEAM = 97HBSL4N46;
				INFOPLIST_FILE = "$(SRCROOT)/MVVM_Tutorial/Resources/Info.plist";
				LD_RUNPATH_SEARCH_PATHS = (
					"$(inherited)",
					"@executable_path/Frameworks",
				);
				PRODUCT_BUNDLE_IDENTIFIER = "new.MVVM-Tutorial";
				PRODUCT_NAME = "$(TARGET_NAME)";
				SWIFT_VERSION = 4.2;
				TARGETED_DEVICE_FAMILY = "1,2";
			};
			name = Release;
		};
/* End XCBuildConfiguration section */

/* Begin XCConfigurationList section */
		AD761F0121BF6F9C00AE2FF5 /* Build configuration list for PBXProject "MVVM_Tutorial" */ = {
			isa = XCConfigurationList;
			buildConfigurations = (
				AD761F1621BF6F9D00AE2FF5 /* Debug */,
				AD761F1721BF6F9D00AE2FF5 /* Release */,
			);
			defaultConfigurationIsVisible = 0;
			defaultConfigurationName = Release;
		};
		AD761F1821BF6F9D00AE2FF5 /* Build configuration list for PBXNativeTarget "MVVM_Tutorial" */ = {
			isa = XCConfigurationList;
			buildConfigurations = (
				AD761F1921BF6F9D00AE2FF5 /* Debug */,
				AD761F1A21BF6F9D00AE2FF5 /* Release */,
			);
			defaultConfigurationIsVisible = 0;
			defaultConfigurationName = Release;
		};
/* End XCConfigurationList section */
	};
	rootObject = AD761EFE21BF6F9C00AE2FF5 /* Project object */;
}
